// !$*UTF8*$!
{
	archiveVersion = 1;
	classes = {
	};
	objectVersion = 55;
	objects = {

/* Begin PBXBuildFile section */
		4391027538337862E43922A3 /* CourseTile.swift in Sources */ = {isa = PBXBuildFile; fileRef = 43910B45DF6F664A9BC801C6 /* CourseTile.swift */; };
		439103704C059F356F29D906 /* CourseModel.swift in Sources */ = {isa = PBXBuildFile; fileRef = 4391052F67F6A9834F05AB37 /* CourseModel.swift */; };
		43910F6F6096D8C9CFC2F899 /* CourseDTO.swift in Sources */ = {isa = PBXBuildFile; fileRef = 439100CB7EDF6BE773EAAF47 /* CourseDTO.swift */; };
		923A06BE26FE014600F40612 /* psimobileApp.swift in Sources */ = {isa = PBXBuildFile; fileRef = 923A06BD26FE014600F40612 /* psimobileApp.swift */; };
		923A06C026FE014600F40612 /* ContentView.swift in Sources */ = {isa = PBXBuildFile; fileRef = 923A06BF26FE014600F40612 /* ContentView.swift */; };
		923A06C526FE014700F40612 /* Preview Assets.xcassets in Resources */ = {isa = PBXBuildFile; fileRef = 923A06C426FE014700F40612 /* Preview Assets.xcassets */; };
		923A06C726FE014700F40612 /* Persistence.swift in Sources */ = {isa = PBXBuildFile; fileRef = 923A06C626FE014700F40612 /* Persistence.swift */; };
		923A06CA26FE014700F40612 /* psimobile.xcdatamodeld in Sources */ = {isa = PBXBuildFile; fileRef = 923A06C826FE014700F40612 /* psimobile.xcdatamodeld */; };
		923A06D426FE014700F40612 /* psimobileTests.swift in Sources */ = {isa = PBXBuildFile; fileRef = 923A06D326FE014700F40612 /* psimobileTests.swift */; };
		923A06DE26FE014700F40612 /* psimobileUITests.swift in Sources */ = {isa = PBXBuildFile; fileRef = 923A06DD26FE014700F40612 /* psimobileUITests.swift */; };
		923A06E026FE014700F40612 /* psimobileUITestsLaunchTests.swift in Sources */ = {isa = PBXBuildFile; fileRef = 923A06DF26FE014700F40612 /* psimobileUITestsLaunchTests.swift */; };
		923A06F826FE041900F40612 /* NavSearchView.swift in Sources */ = {isa = PBXBuildFile; fileRef = 923A06EE26FE041900F40612 /* NavSearchView.swift */; };
		923A06F926FE041900F40612 /* StudentProfile .swift in Sources */ = {isa = PBXBuildFile; fileRef = 923A06EF26FE041900F40612 /* StudentProfile .swift */; };
		923A06FB26FE041900F40612 /* CourseDetailModel.swift in Sources */ = {isa = PBXBuildFile; fileRef = 923A06F126FE041900F40612 /* CourseDetailModel.swift */; };
		923A06FC26FE041900F40612 /* ScrollableTab.swift in Sources */ = {isa = PBXBuildFile; fileRef = 923A06F226FE041900F40612 /* ScrollableTab.swift */; };
		923A06FD26FE041900F40612 /* blur.swift in Sources */ = {isa = PBXBuildFile; fileRef = 923A06F326FE041900F40612 /* blur.swift */; };
		923A06FE26FE041900F40612 /* Service .swift in Sources */ = {isa = PBXBuildFile; fileRef = 923A06F426FE041900F40612 /* Service .swift */; };
		923A06FF26FE041900F40612 /* CourseProfile .swift in Sources */ = {isa = PBXBuildFile; fileRef = 923A06F526FE041900F40612 /* CourseProfile .swift */; };
		923A070026FE041900F40612 /* RegistrationModel.swift in Sources */ = {isa = PBXBuildFile; fileRef = 923A06F626FE041900F40612 /* RegistrationModel.swift */; };
		923A070126FE041900F40612 /* RegistrationViewModel .swift in Sources */ = {isa = PBXBuildFile; fileRef = 923A06F726FE041900F40612 /* RegistrationViewModel .swift */; };
		923A070A26FE048800F40612 /* LoginForm.swift in Sources */ = {isa = PBXBuildFile; fileRef = 923A070226FE048800F40612 /* LoginForm.swift */; };
		923A070B26FE048800F40612 /* DetailedCourseView .swift in Sources */ = {isa = PBXBuildFile; fileRef = 923A070326FE048800F40612 /* DetailedCourseView .swift */; };
		923A070C26FE048800F40612 /* HomeTab.swift in Sources */ = {isa = PBXBuildFile; fileRef = 923A070426FE048800F40612 /* HomeTab.swift */; };
		923A070D26FE048800F40612 /* Assets.xcassets in Resources */ = {isa = PBXBuildFile; fileRef = 923A070526FE048800F40612 /* Assets.xcassets */; };
		923A070E26FE048800F40612 /* CourseTab.swift in Sources */ = {isa = PBXBuildFile; fileRef = 923A070626FE048800F40612 /* CourseTab.swift */; };
		923A070F26FE048800F40612 /* Home_Screen.swift in Sources */ = {isa = PBXBuildFile; fileRef = 923A070726FE048800F40612 /* Home_Screen.swift */; };
		923A071026FE048800F40612 /* SignInForm.swift in Sources */ = {isa = PBXBuildFile; fileRef = 923A070826FE048800F40612 /* SignInForm.swift */; };
		923A071126FE048800F40612 /* Settings.swift in Sources */ = {isa = PBXBuildFile; fileRef = 923A070926FE048800F40612 /* Settings.swift */; };
		923A072026FE0A0E00F40612 /* FirebaseAuth in Frameworks */ = {isa = PBXBuildFile; productRef = 923A071F26FE0A0E00F40612 /* FirebaseAuth */; };
		923A072426FE0A0E00F40612 /* FirebaseDatabase in Frameworks */ = {isa = PBXBuildFile; productRef = 923A072326FE0A0E00F40612 /* FirebaseDatabase */; };
		923A072626FE0A0E00F40612 /* FirebaseFirestore in Frameworks */ = {isa = PBXBuildFile; productRef = 923A072526FE0A0E00F40612 /* FirebaseFirestore */; };
		923A072A26FE0A0E00F40612 /* FirebaseFunctions in Frameworks */ = {isa = PBXBuildFile; productRef = 923A072926FE0A0E00F40612 /* FirebaseFunctions */; };
		923A073026FE0A0E00F40612 /* FirebaseStorage in Frameworks */ = {isa = PBXBuildFile; productRef = 923A072F26FE0A0E00F40612 /* FirebaseStorage */; };
		923A073C26FE155700F40612 /* GoogleService-Info.plist in Resources */ = {isa = PBXBuildFile; fileRef = 923A073B26FE155700F40612 /* GoogleService-Info.plist */; };
		923A073D26FE155700F40612 /* GoogleService-Info.plist in Resources */ = {isa = PBXBuildFile; fileRef = 923A073B26FE155700F40612 /* GoogleService-Info.plist */; };
		923A073E26FE155700F40612 /* GoogleService-Info.plist in Resources */ = {isa = PBXBuildFile; fileRef = 923A073B26FE155700F40612 /* GoogleService-Info.plist */; };
		928380E32732550600AB1C8C /* VideoView.swift in Sources */ = {isa = PBXBuildFile; fileRef = 928380E22732550600AB1C8C /* VideoView.swift */; };
		92AE6D0226FFE27000CE6F8B /* UserViewModel.swift in Sources */ = {isa = PBXBuildFile; fileRef = 92AE6D0126FFE27000CE6F8B /* UserViewModel.swift */; };
/* End PBXBuildFile section */

/* Begin PBXContainerItemProxy section */
		923A06D026FE014700F40612 /* PBXContainerItemProxy */ = {
			isa = PBXContainerItemProxy;
			containerPortal = 923A06B226FE014600F40612 /* Project object */;
			proxyType = 1;
			remoteGlobalIDString = 923A06B926FE014600F40612;
			remoteInfo = psimobile;
		};
		923A06DA26FE014700F40612 /* PBXContainerItemProxy */ = {
			isa = PBXContainerItemProxy;
			containerPortal = 923A06B226FE014600F40612 /* Project object */;
			proxyType = 1;
			remoteGlobalIDString = 923A06B926FE014600F40612;
			remoteInfo = psimobile;
		};
/* End PBXContainerItemProxy section */

/* Begin PBXFileReference section */
		439100CB7EDF6BE773EAAF47 /* CourseDTO.swift */ = {isa = PBXFileReference; fileEncoding = 4; lastKnownFileType = sourcecode.swift; path = CourseDTO.swift; sourceTree = "<group>"; };
		4391052F67F6A9834F05AB37 /* CourseModel.swift */ = {isa = PBXFileReference; fileEncoding = 4; lastKnownFileType = sourcecode.swift; path = CourseModel.swift; sourceTree = "<group>"; };
		43910B45DF6F664A9BC801C6 /* CourseTile.swift */ = {isa = PBXFileReference; fileEncoding = 4; lastKnownFileType = sourcecode.swift; path = CourseTile.swift; sourceTree = "<group>"; };
		923A06BA26FE014600F40612 /* psimobile.app */ = {isa = PBXFileReference; explicitFileType = wrapper.application; includeInIndex = 0; path = psimobile.app; sourceTree = BUILT_PRODUCTS_DIR; };
		923A06BD26FE014600F40612 /* psimobileApp.swift */ = {isa = PBXFileReference; lastKnownFileType = sourcecode.swift; path = psimobileApp.swift; sourceTree = "<group>"; };
		923A06BF26FE014600F40612 /* ContentView.swift */ = {isa = PBXFileReference; lastKnownFileType = sourcecode.swift; path = ContentView.swift; sourceTree = "<group>"; };
		923A06C426FE014700F40612 /* Preview Assets.xcassets */ = {isa = PBXFileReference; lastKnownFileType = folder.assetcatalog; path = "Preview Assets.xcassets"; sourceTree = "<group>"; };
		923A06C626FE014700F40612 /* Persistence.swift */ = {isa = PBXFileReference; lastKnownFileType = sourcecode.swift; path = Persistence.swift; sourceTree = "<group>"; };
		923A06C926FE014700F40612 /* psimobile.xcdatamodel */ = {isa = PBXFileReference; lastKnownFileType = wrapper.xcdatamodel; path = psimobile.xcdatamodel; sourceTree = "<group>"; };
		923A06CF26FE014700F40612 /* psimobileTests.xctest */ = {isa = PBXFileReference; explicitFileType = wrapper.cfbundle; includeInIndex = 0; path = psimobileTests.xctest; sourceTree = BUILT_PRODUCTS_DIR; };
		923A06D326FE014700F40612 /* psimobileTests.swift */ = {isa = PBXFileReference; lastKnownFileType = sourcecode.swift; path = psimobileTests.swift; sourceTree = "<group>"; };
		923A06D926FE014700F40612 /* psimobileUITests.xctest */ = {isa = PBXFileReference; explicitFileType = wrapper.cfbundle; includeInIndex = 0; path = psimobileUITests.xctest; sourceTree = BUILT_PRODUCTS_DIR; };
		923A06DD26FE014700F40612 /* psimobileUITests.swift */ = {isa = PBXFileReference; lastKnownFileType = sourcecode.swift; path = psimobileUITests.swift; sourceTree = "<group>"; };
		923A06DF26FE014700F40612 /* psimobileUITestsLaunchTests.swift */ = {isa = PBXFileReference; lastKnownFileType = sourcecode.swift; path = psimobileUITestsLaunchTests.swift; sourceTree = "<group>"; };
		923A06EE26FE041900F40612 /* NavSearchView.swift */ = {isa = PBXFileReference; fileEncoding = 4; lastKnownFileType = sourcecode.swift; path = NavSearchView.swift; sourceTree = "<group>"; };
		923A06EF26FE041900F40612 /* StudentProfile .swift */ = {isa = PBXFileReference; fileEncoding = 4; lastKnownFileType = sourcecode.swift; path = "StudentProfile .swift"; sourceTree = "<group>"; };
		923A06F126FE041900F40612 /* CourseDetailModel.swift */ = {isa = PBXFileReference; fileEncoding = 4; lastKnownFileType = sourcecode.swift; path = CourseDetailModel.swift; sourceTree = "<group>"; };
		923A06F226FE041900F40612 /* ScrollableTab.swift */ = {isa = PBXFileReference; fileEncoding = 4; lastKnownFileType = sourcecode.swift; path = ScrollableTab.swift; sourceTree = "<group>"; };
		923A06F326FE041900F40612 /* blur.swift */ = {isa = PBXFileReference; fileEncoding = 4; lastKnownFileType = sourcecode.swift; path = blur.swift; sourceTree = "<group>"; };
		923A06F426FE041900F40612 /* Service .swift */ = {isa = PBXFileReference; fileEncoding = 4; lastKnownFileType = sourcecode.swift; path = "Service .swift"; sourceTree = "<group>"; };
		923A06F526FE041900F40612 /* CourseProfile .swift */ = {isa = PBXFileReference; fileEncoding = 4; lastKnownFileType = sourcecode.swift; path = "CourseProfile .swift"; sourceTree = "<group>"; };
		923A06F626FE041900F40612 /* RegistrationModel.swift */ = {isa = PBXFileReference; fileEncoding = 4; lastKnownFileType = sourcecode.swift; path = RegistrationModel.swift; sourceTree = "<group>"; };
		923A06F726FE041900F40612 /* RegistrationViewModel .swift */ = {isa = PBXFileReference; fileEncoding = 4; lastKnownFileType = sourcecode.swift; path = "RegistrationViewModel .swift"; sourceTree = "<group>"; };
		923A070226FE048800F40612 /* LoginForm.swift */ = {isa = PBXFileReference; fileEncoding = 4; lastKnownFileType = sourcecode.swift; path = LoginForm.swift; sourceTree = "<group>"; };
		923A070326FE048800F40612 /* DetailedCourseView .swift */ = {isa = PBXFileReference; fileEncoding = 4; lastKnownFileType = sourcecode.swift; path = "DetailedCourseView .swift"; sourceTree = "<group>"; };
		923A070426FE048800F40612 /* HomeTab.swift */ = {isa = PBXFileReference; fileEncoding = 4; lastKnownFileType = sourcecode.swift; path = HomeTab.swift; sourceTree = "<group>"; };
		923A070526FE048800F40612 /* Assets.xcassets */ = {isa = PBXFileReference; lastKnownFileType = folder.assetcatalog; path = Assets.xcassets; sourceTree = "<group>"; };
		923A070626FE048800F40612 /* CourseTab.swift */ = {isa = PBXFileReference; fileEncoding = 4; lastKnownFileType = sourcecode.swift; path = CourseTab.swift; sourceTree = "<group>"; };
		923A070726FE048800F40612 /* Home_Screen.swift */ = {isa = PBXFileReference; fileEncoding = 4; lastKnownFileType = sourcecode.swift; path = Home_Screen.swift; sourceTree = "<group>"; };
		923A070826FE048800F40612 /* SignInForm.swift */ = {isa = PBXFileReference; fileEncoding = 4; lastKnownFileType = sourcecode.swift; path = SignInForm.swift; sourceTree = "<group>"; };
		923A070926FE048800F40612 /* Settings.swift */ = {isa = PBXFileReference; fileEncoding = 4; lastKnownFileType = sourcecode.swift; path = Settings.swift; sourceTree = "<group>"; };
		923A073B26FE155700F40612 /* GoogleService-Info.plist */ = {isa = PBXFileReference; fileEncoding = 4; lastKnownFileType = text.plist.xml; path = "GoogleService-Info.plist"; sourceTree = "<group>"; };
		928380E22732550600AB1C8C /* VideoView.swift */ = {isa = PBXFileReference; lastKnownFileType = sourcecode.swift; path = VideoView.swift; sourceTree = "<group>"; };
		92AE6D0126FFE27000CE6F8B /* UserViewModel.swift */ = {isa = PBXFileReference; lastKnownFileType = sourcecode.swift; path = UserViewModel.swift; sourceTree = "<group>"; };
/* End PBXFileReference section */

/* Begin PBXFrameworksBuildPhase section */
		923A06B726FE014600F40612 /* Frameworks */ = {
			isa = PBXFrameworksBuildPhase;
			buildActionMask = 2147483647;
			files = (
				923A072026FE0A0E00F40612 /* FirebaseAuth in Frameworks */,
				923A072626FE0A0E00F40612 /* FirebaseFirestore in Frameworks */,
				923A073026FE0A0E00F40612 /* FirebaseStorage in Frameworks */,
				923A072A26FE0A0E00F40612 /* FirebaseFunctions in Frameworks */,
				923A072426FE0A0E00F40612 /* FirebaseDatabase in Frameworks */,
			);
			runOnlyForDeploymentPostprocessing = 0;
		};
		923A06CC26FE014700F40612 /* Frameworks */ = {
			isa = PBXFrameworksBuildPhase;
			buildActionMask = 2147483647;
			files = (
			);
			runOnlyForDeploymentPostprocessing = 0;
		};
		923A06D626FE014700F40612 /* Frameworks */ = {
			isa = PBXFrameworksBuildPhase;
			buildActionMask = 2147483647;
			files = (
			);
			runOnlyForDeploymentPostprocessing = 0;
		};
/* End PBXFrameworksBuildPhase section */

/* Begin PBXGroup section */
		923A06B126FE014600F40612 = {
			isa = PBXGroup;
			children = (
				923A06BC26FE014600F40612 /* psimobile */,
				923A06D226FE014700F40612 /* psimobileTests */,
				923A06DC26FE014700F40612 /* psimobileUITests */,
				923A06BB26FE014600F40612 /* Products */,
			);
			sourceTree = "<group>";
		};
		923A06BB26FE014600F40612 /* Products */ = {
			isa = PBXGroup;
			children = (
				923A06BA26FE014600F40612 /* psimobile.app */,
				923A06CF26FE014700F40612 /* psimobileTests.xctest */,
				923A06D926FE014700F40612 /* psimobileUITests.xctest */,
			);
			name = Products;
			sourceTree = "<group>";
		};
		923A06BC26FE014600F40612 /* psimobile */ = {
			isa = PBXGroup;
			children = (
				928380E12732547800AB1C8C /* Controllers  */,
				923A06ED26FE03B800F40612 /* Model */,
				923A06EC26FE039300F40612 /* View */,
				923A06BD26FE014600F40612 /* psimobileApp.swift */,
				923A06BF26FE014600F40612 /* ContentView.swift */,
				923A06C626FE014700F40612 /* Persistence.swift */,
				923A06C826FE014700F40612 /* psimobile.xcdatamodeld */,
				923A06C326FE014700F40612 /* Preview Content */,
			);
			path = psimobile;
			sourceTree = "<group>";
		};
		923A06C326FE014700F40612 /* Preview Content */ = {
			isa = PBXGroup;
			children = (
				923A06C426FE014700F40612 /* Preview Assets.xcassets */,
			);
			path = "Preview Content";
			sourceTree = "<group>";
		};
		923A06D226FE014700F40612 /* psimobileTests */ = {
			isa = PBXGroup;
			children = (
				923A073B26FE155700F40612 /* GoogleService-Info.plist */,
				923A06D326FE014700F40612 /* psimobileTests.swift */,
			);
			path = psimobileTests;
			sourceTree = "<group>";
		};
		923A06DC26FE014700F40612 /* psimobileUITests */ = {
			isa = PBXGroup;
			children = (
				923A06DD26FE014700F40612 /* psimobileUITests.swift */,
				923A06DF26FE014700F40612 /* psimobileUITestsLaunchTests.swift */,
			);
			path = psimobileUITests;
			sourceTree = "<group>";
		};
		923A06EC26FE039300F40612 /* View */ = {
			isa = PBXGroup;
			children = (
				923A070626FE048800F40612 /* CourseTab.swift */,
				923A070326FE048800F40612 /* DetailedCourseView .swift */,
				923A070726FE048800F40612 /* Home_Screen.swift */,
				923A070926FE048800F40612 /* Settings.swift */,
				923A070526FE048800F40612 /* Assets.xcassets */,
				923A070226FE048800F40612 /* LoginForm.swift */,
				923A070426FE048800F40612 /* HomeTab.swift */,
				923A070826FE048800F40612 /* SignInForm.swift */,
				43910B45DF6F664A9BC801C6 /* CourseTile.swift */,
			);
			path = View;
			sourceTree = "<group>";
		};
		923A06ED26FE03B800F40612 /* Model */ = {
			isa = PBXGroup;
			children = (
				923A06F126FE041900F40612 /* CourseDetailModel.swift */,
				923A06F526FE041900F40612 /* CourseProfile .swift */,
				92AE6D0126FFE27000CE6F8B /* UserViewModel.swift */,
				923A06F626FE041900F40612 /* RegistrationModel.swift */,
				923A06F726FE041900F40612 /* RegistrationViewModel .swift */,
				923A06F426FE041900F40612 /* Service .swift */,
				923A06EF26FE041900F40612 /* StudentProfile .swift */,
				439100CB7EDF6BE773EAAF47 /* CourseDTO.swift */,
				4391052F67F6A9834F05AB37 /* CourseModel.swift */,
			);
			path = Model;
			sourceTree = "<group>";
		};
		928380E12732547800AB1C8C /* Controllers  */ = {
			isa = PBXGroup;
			children = (
				923A06EE26FE041900F40612 /* NavSearchView.swift */,
				923A06F226FE041900F40612 /* ScrollableTab.swift */,
				923A06F326FE041900F40612 /* blur.swift */,
				928380E22732550600AB1C8C /* VideoView.swift */,
			);
			path = "Controllers ";
			sourceTree = "<group>";
		};
/* End PBXGroup section */

/* Begin PBXNativeTarget section */
		923A06B926FE014600F40612 /* psimobile */ = {
			isa = PBXNativeTarget;
			buildConfigurationList = 923A06E326FE014700F40612 /* Build configuration list for PBXNativeTarget "psimobile" */;
			buildPhases = (
				923A06B626FE014600F40612 /* Sources */,
				923A06B726FE014600F40612 /* Frameworks */,
				923A06B826FE014600F40612 /* Resources */,
			);
			buildRules = (
			);
			dependencies = (
			);
			name = psimobile;
			packageProductDependencies = (
				923A071F26FE0A0E00F40612 /* FirebaseAuth */,
				923A072326FE0A0E00F40612 /* FirebaseDatabase */,
				923A072526FE0A0E00F40612 /* FirebaseFirestore */,
				923A072926FE0A0E00F40612 /* FirebaseFunctions */,
				923A072F26FE0A0E00F40612 /* FirebaseStorage */,
			);
			productName = psimobile;
			productReference = 923A06BA26FE014600F40612 /* psimobile.app */;
			productType = "com.apple.product-type.application";
		};
		923A06CE26FE014700F40612 /* psimobileTests */ = {
			isa = PBXNativeTarget;
			buildConfigurationList = 923A06E626FE014700F40612 /* Build configuration list for PBXNativeTarget "psimobileTests" */;
			buildPhases = (
				923A06CB26FE014700F40612 /* Sources */,
				923A06CC26FE014700F40612 /* Frameworks */,
				923A06CD26FE014700F40612 /* Resources */,
			);
			buildRules = (
			);
			dependencies = (
				923A06D126FE014700F40612 /* PBXTargetDependency */,
			);
			name = psimobileTests;
			productName = psimobileTests;
			productReference = 923A06CF26FE014700F40612 /* psimobileTests.xctest */;
			productType = "com.apple.product-type.bundle.unit-test";
		};
		923A06D826FE014700F40612 /* psimobileUITests */ = {
			isa = PBXNativeTarget;
			buildConfigurationList = 923A06E926FE014700F40612 /* Build configuration list for PBXNativeTarget "psimobileUITests" */;
			buildPhases = (
				923A06D526FE014700F40612 /* Sources */,
				923A06D626FE014700F40612 /* Frameworks */,
				923A06D726FE014700F40612 /* Resources */,
			);
			buildRules = (
			);
			dependencies = (
				923A06DB26FE014700F40612 /* PBXTargetDependency */,
			);
			name = psimobileUITests;
			productName = psimobileUITests;
			productReference = 923A06D926FE014700F40612 /* psimobileUITests.xctest */;
			productType = "com.apple.product-type.bundle.ui-testing";
		};
/* End PBXNativeTarget section */

/* Begin PBXProject section */
		923A06B226FE014600F40612 /* Project object */ = {
			isa = PBXProject;
			attributes = {
				BuildIndependentTargetsInParallel = 1;
				LastSwiftUpdateCheck = 1300;
				LastUpgradeCheck = 1300;
				TargetAttributes = {
					923A06B926FE014600F40612 = {
						CreatedOnToolsVersion = 13.0;
					};
					923A06CE26FE014700F40612 = {
						CreatedOnToolsVersion = 13.0;
						TestTargetID = 923A06B926FE014600F40612;
					};
					923A06D826FE014700F40612 = {
						CreatedOnToolsVersion = 13.0;
						TestTargetID = 923A06B926FE014600F40612;
					};
				};
			};
			buildConfigurationList = 923A06B526FE014600F40612 /* Build configuration list for PBXProject "psimobile" */;
			compatibilityVersion = "Xcode 13.0";
			developmentRegion = en;
			hasScannedForEncodings = 0;
			knownRegions = (
				en,
				Base,
			);
			mainGroup = 923A06B126FE014600F40612;
			packageReferences = (
				923A071626FE0A0E00F40612 /* XCRemoteSwiftPackageReference "firebase-ios-sdk.git" */,
			);
			productRefGroup = 923A06BB26FE014600F40612 /* Products */;
			projectDirPath = "";
			projectRoot = "";
			targets = (
				923A06B926FE014600F40612 /* psimobile */,
				923A06CE26FE014700F40612 /* psimobileTests */,
				923A06D826FE014700F40612 /* psimobileUITests */,
			);
		};
/* End PBXProject section */

/* Begin PBXResourcesBuildPhase section */
		923A06B826FE014600F40612 /* Resources */ = {
			isa = PBXResourcesBuildPhase;
			buildActionMask = 2147483647;
			files = (
				923A06C526FE014700F40612 /* Preview Assets.xcassets in Resources */,
				923A070D26FE048800F40612 /* Assets.xcassets in Resources */,
				923A073C26FE155700F40612 /* GoogleService-Info.plist in Resources */,
			);
			runOnlyForDeploymentPostprocessing = 0;
		};
		923A06CD26FE014700F40612 /* Resources */ = {
			isa = PBXResourcesBuildPhase;
			buildActionMask = 2147483647;
			files = (
				923A073D26FE155700F40612 /* GoogleService-Info.plist in Resources */,
			);
			runOnlyForDeploymentPostprocessing = 0;
		};
		923A06D726FE014700F40612 /* Resources */ = {
			isa = PBXResourcesBuildPhase;
			buildActionMask = 2147483647;
			files = (
				923A073E26FE155700F40612 /* GoogleService-Info.plist in Resources */,
			);
			runOnlyForDeploymentPostprocessing = 0;
		};
/* End PBXResourcesBuildPhase section */

/* Begin PBXSourcesBuildPhase section */
		923A06B626FE014600F40612 /* Sources */ = {
			isa = PBXSourcesBuildPhase;
			buildActionMask = 2147483647;
			files = (
				923A070C26FE048800F40612 /* HomeTab.swift in Sources */,
				923A06F926FE041900F40612 /* StudentProfile .swift in Sources */,
				923A06FC26FE041900F40612 /* ScrollableTab.swift in Sources */,
				923A071026FE048800F40612 /* SignInForm.swift in Sources */,
				923A070126FE041900F40612 /* RegistrationViewModel .swift in Sources */,
				923A06C726FE014700F40612 /* Persistence.swift in Sources */,
				923A070026FE041900F40612 /* RegistrationModel.swift in Sources */,
				923A06F826FE041900F40612 /* NavSearchView.swift in Sources */,
				923A070F26FE048800F40612 /* Home_Screen.swift in Sources */,
				923A06FF26FE041900F40612 /* CourseProfile .swift in Sources */,
				923A06C026FE014600F40612 /* ContentView.swift in Sources */,
				923A06CA26FE014700F40612 /* psimobile.xcdatamodeld in Sources */,
				923A070A26FE048800F40612 /* LoginForm.swift in Sources */,
				923A06FE26FE041900F40612 /* Service .swift in Sources */,
				923A070B26FE048800F40612 /* DetailedCourseView .swift in Sources */,
				923A070E26FE048800F40612 /* CourseTab.swift in Sources */,
				923A06BE26FE014600F40612 /* psimobileApp.swift in Sources */,
				923A071126FE048800F40612 /* Settings.swift in Sources */,
				923A06FD26FE041900F40612 /* blur.swift in Sources */,
				92AE6D0226FFE27000CE6F8B /* UserViewModel.swift in Sources */,
				928380E32732550600AB1C8C /* VideoView.swift in Sources */,
				923A06FB26FE041900F40612 /* CourseDetailModel.swift in Sources */,
				43910F6F6096D8C9CFC2F899 /* CourseDTO.swift in Sources */,
				439103704C059F356F29D906 /* CourseModel.swift in Sources */,
				4391027538337862E43922A3 /* CourseTile.swift in Sources */,
			);
			runOnlyForDeploymentPostprocessing = 0;
		};
		923A06CB26FE014700F40612 /* Sources */ = {
			isa = PBXSourcesBuildPhase;
			buildActionMask = 2147483647;
			files = (
				923A06D426FE014700F40612 /* psimobileTests.swift in Sources */,
			);
			runOnlyForDeploymentPostprocessing = 0;
		};
		923A06D526FE014700F40612 /* Sources */ = {
			isa = PBXSourcesBuildPhase;
			buildActionMask = 2147483647;
			files = (
				923A06DE26FE014700F40612 /* psimobileUITests.swift in Sources */,
				923A06E026FE014700F40612 /* psimobileUITestsLaunchTests.swift in Sources */,
			);
			runOnlyForDeploymentPostprocessing = 0;
		};
/* End PBXSourcesBuildPhase section */

/* Begin PBXTargetDependency section */
		923A06D126FE014700F40612 /* PBXTargetDependency */ = {
			isa = PBXTargetDependency;
			target = 923A06B926FE014600F40612 /* psimobile */;
			targetProxy = 923A06D026FE014700F40612 /* PBXContainerItemProxy */;
		};
		923A06DB26FE014700F40612 /* PBXTargetDependency */ = {
			isa = PBXTargetDependency;
			target = 923A06B926FE014600F40612 /* psimobile */;
			targetProxy = 923A06DA26FE014700F40612 /* PBXContainerItemProxy */;
		};
/* End PBXTargetDependency section */

/* Begin XCBuildConfiguration section */
		923A06E126FE014700F40612 /* Debug */ = {
			isa = XCBuildConfiguration;
			buildSettings = {
				ALWAYS_SEARCH_USER_PATHS = NO;
				CLANG_ANALYZER_NONNULL = YES;
				CLANG_ANALYZER_NUMBER_OBJECT_CONVERSION = YES_AGGRESSIVE;
				CLANG_CXX_LANGUAGE_STANDARD = "gnu++17";
				CLANG_CXX_LIBRARY = "libc++";
				CLANG_ENABLE_MODULES = YES;
				CLANG_ENABLE_OBJC_ARC = YES;
				CLANG_ENABLE_OBJC_WEAK = YES;
				CLANG_WARN_BLOCK_CAPTURE_AUTORELEASING = YES;
				CLANG_WARN_BOOL_CONVERSION = YES;
				CLANG_WARN_COMMA = YES;
				CLANG_WARN_CONSTANT_CONVERSION = YES;
				CLANG_WARN_DEPRECATED_OBJC_IMPLEMENTATIONS = YES;
				CLANG_WARN_DIRECT_OBJC_ISA_USAGE = YES_ERROR;
				CLANG_WARN_DOCUMENTATION_COMMENTS = YES;
				CLANG_WARN_EMPTY_BODY = YES;
				CLANG_WARN_ENUM_CONVERSION = YES;
				CLANG_WARN_INFINITE_RECURSION = YES;
				CLANG_WARN_INT_CONVERSION = YES;
				CLANG_WARN_NON_LITERAL_NULL_CONVERSION = YES;
				CLANG_WARN_OBJC_IMPLICIT_RETAIN_SELF = YES;
				CLANG_WARN_OBJC_LITERAL_CONVERSION = YES;
				CLANG_WARN_OBJC_ROOT_CLASS = YES_ERROR;
				CLANG_WARN_QUOTED_INCLUDE_IN_FRAMEWORK_HEADER = YES;
				CLANG_WARN_RANGE_LOOP_ANALYSIS = YES;
				CLANG_WARN_STRICT_PROTOTYPES = YES;
				CLANG_WARN_SUSPICIOUS_MOVE = YES;
				CLANG_WARN_UNGUARDED_AVAILABILITY = YES_AGGRESSIVE;
				CLANG_WARN_UNREACHABLE_CODE = YES;
				CLANG_WARN__DUPLICATE_METHOD_MATCH = YES;
				COPY_PHASE_STRIP = NO;
				DEBUG_INFORMATION_FORMAT = dwarf;
				ENABLE_STRICT_OBJC_MSGSEND = YES;
				ENABLE_TESTABILITY = YES;
				GCC_C_LANGUAGE_STANDARD = gnu11;
				GCC_DYNAMIC_NO_PIC = NO;
				GCC_NO_COMMON_BLOCKS = YES;
				GCC_OPTIMIZATION_LEVEL = 0;
				GCC_PREPROCESSOR_DEFINITIONS = (
					"DEBUG=1",
					"$(inherited)",
				);
				GCC_WARN_64_TO_32_BIT_CONVERSION = YES;
				GCC_WARN_ABOUT_RETURN_TYPE = YES_ERROR;
				GCC_WARN_UNDECLARED_SELECTOR = YES;
				GCC_WARN_UNINITIALIZED_AUTOS = YES_AGGRESSIVE;
				GCC_WARN_UNUSED_FUNCTION = YES;
				GCC_WARN_UNUSED_VARIABLE = YES;
				IPHONEOS_DEPLOYMENT_TARGET = 15.0;
				MTL_ENABLE_DEBUG_INFO = INCLUDE_SOURCE;
				MTL_FAST_MATH = YES;
				ONLY_ACTIVE_ARCH = YES;
				SDKROOT = iphoneos;
				SWIFT_ACTIVE_COMPILATION_CONDITIONS = DEBUG;
				SWIFT_OPTIMIZATION_LEVEL = "-Onone";
			};
			name = Debug;
		};
		923A06E226FE014700F40612 /* Release */ = {
			isa = XCBuildConfiguration;
			buildSettings = {
				ALWAYS_SEARCH_USER_PATHS = NO;
				CLANG_ANALYZER_NONNULL = YES;
				CLANG_ANALYZER_NUMBER_OBJECT_CONVERSION = YES_AGGRESSIVE;
				CLANG_CXX_LANGUAGE_STANDARD = "gnu++17";
				CLANG_CXX_LIBRARY = "libc++";
				CLANG_ENABLE_MODULES = YES;
				CLANG_ENABLE_OBJC_ARC = YES;
				CLANG_ENABLE_OBJC_WEAK = YES;
				CLANG_WARN_BLOCK_CAPTURE_AUTORELEASING = YES;
				CLANG_WARN_BOOL_CONVERSION = YES;
				CLANG_WARN_COMMA = YES;
				CLANG_WARN_CONSTANT_CONVERSION = YES;
				CLANG_WARN_DEPRECATED_OBJC_IMPLEMENTATIONS = YES;
				CLANG_WARN_DIRECT_OBJC_ISA_USAGE = YES_ERROR;
				CLANG_WARN_DOCUMENTATION_COMMENTS = YES;
				CLANG_WARN_EMPTY_BODY = YES;
				CLANG_WARN_ENUM_CONVERSION = YES;
				CLANG_WARN_INFINITE_RECURSION = YES;
				CLANG_WARN_INT_CONVERSION = YES;
				CLANG_WARN_NON_LITERAL_NULL_CONVERSION = YES;
				CLANG_WARN_OBJC_IMPLICIT_RETAIN_SELF = YES;
				CLANG_WARN_OBJC_LITERAL_CONVERSION = YES;
				CLANG_WARN_OBJC_ROOT_CLASS = YES_ERROR;
				CLANG_WARN_QUOTED_INCLUDE_IN_FRAMEWORK_HEADER = YES;
				CLANG_WARN_RANGE_LOOP_ANALYSIS = YES;
				CLANG_WARN_STRICT_PROTOTYPES = YES;
				CLANG_WARN_SUSPICIOUS_MOVE = YES;
				CLANG_WARN_UNGUARDED_AVAILABILITY = YES_AGGRESSIVE;
				CLANG_WARN_UNREACHABLE_CODE = YES;
				CLANG_WARN__DUPLICATE_METHOD_MATCH = YES;
				COPY_PHASE_STRIP = NO;
				DEBUG_INFORMATION_FORMAT = "dwarf-with-dsym";
				ENABLE_NS_ASSERTIONS = NO;
				ENABLE_STRICT_OBJC_MSGSEND = YES;
				GCC_C_LANGUAGE_STANDARD = gnu11;
				GCC_NO_COMMON_BLOCKS = YES;
				GCC_WARN_64_TO_32_BIT_CONVERSION = YES;
				GCC_WARN_ABOUT_RETURN_TYPE = YES_ERROR;
				GCC_WARN_UNDECLARED_SELECTOR = YES;
				GCC_WARN_UNINITIALIZED_AUTOS = YES_AGGRESSIVE;
				GCC_WARN_UNUSED_FUNCTION = YES;
				GCC_WARN_UNUSED_VARIABLE = YES;
				IPHONEOS_DEPLOYMENT_TARGET = 15.0;
				MTL_ENABLE_DEBUG_INFO = NO;
				MTL_FAST_MATH = YES;
				SDKROOT = iphoneos;
				SWIFT_COMPILATION_MODE = wholemodule;
				SWIFT_OPTIMIZATION_LEVEL = "-O";
				VALIDATE_PRODUCT = YES;
			};
			name = Release;
		};
		923A06E426FE014700F40612 /* Debug */ = {
			isa = XCBuildConfiguration;
			buildSettings = {
				ASSETCATALOG_COMPILER_APPICON_NAME = AppIcon;
				ASSETCATALOG_COMPILER_GLOBAL_ACCENT_COLOR_NAME = AccentColor;
				CODE_SIGN_STYLE = Automatic;
				CURRENT_PROJECT_VERSION = 1;
				DEVELOPMENT_ASSET_PATHS = "\"psimobile/Preview Content\"";
				DEVELOPMENT_TEAM = U3D9JQ7N77;
				ENABLE_PREVIEWS = YES;
				GENERATE_INFOPLIST_FILE = YES;
				INFOPLIST_KEY_UIApplicationSceneManifest_Generation = YES;
				INFOPLIST_KEY_UIApplicationSupportsIndirectInputEvents = YES;
				INFOPLIST_KEY_UILaunchScreen_Generation = YES;
				INFOPLIST_KEY_UISupportedInterfaceOrientations_iPad = "UIInterfaceOrientationPortrait UIInterfaceOrientationPortraitUpsideDown UIInterfaceOrientationLandscapeLeft UIInterfaceOrientationLandscapeRight";
				INFOPLIST_KEY_UISupportedInterfaceOrientations_iPhone = "UIInterfaceOrientationPortrait UIInterfaceOrientationLandscapeLeft UIInterfaceOrientationLandscapeRight";
				IPHONEOS_DEPLOYMENT_TARGET = 14.0;
				LD_RUNPATH_SEARCH_PATHS = (
					"$(inherited)",
					"@executable_path/Frameworks",
				);
				MARKETING_VERSION = 1.0;
				PRODUCT_BUNDLE_IDENTIFIER = PerigeeInsights.psimobile;
				PRODUCT_NAME = "$(TARGET_NAME)";
				SWIFT_EMIT_LOC_STRINGS = YES;
				SWIFT_VERSION = 5.0;
				TARGETED_DEVICE_FAMILY = "1,2";
			};
			name = Debug;
		};
		923A06E526FE014700F40612 /* Release */ = {
			isa = XCBuildConfiguration;
			buildSettings = {
				ASSETCATALOG_COMPILER_APPICON_NAME = AppIcon;
				ASSETCATALOG_COMPILER_GLOBAL_ACCENT_COLOR_NAME = AccentColor;
				CODE_SIGN_STYLE = Automatic;
				CURRENT_PROJECT_VERSION = 1;
				DEVELOPMENT_ASSET_PATHS = "\"psimobile/Preview Content\"";
				DEVELOPMENT_TEAM = U3D9JQ7N77;
				ENABLE_PREVIEWS = YES;
				GENERATE_INFOPLIST_FILE = YES;
				INFOPLIST_KEY_UIApplicationSceneManifest_Generation = YES;
				INFOPLIST_KEY_UIApplicationSupportsIndirectInputEvents = YES;
				INFOPLIST_KEY_UILaunchScreen_Generation = YES;
				INFOPLIST_KEY_UISupportedInterfaceOrientations_iPad = "UIInterfaceOrientationPortrait UIInterfaceOrientationPortraitUpsideDown UIInterfaceOrientationLandscapeLeft UIInterfaceOrientationLandscapeRight";
				INFOPLIST_KEY_UISupportedInterfaceOrientations_iPhone = "UIInterfaceOrientationPortrait UIInterfaceOrientationLandscapeLeft UIInterfaceOrientationLandscapeRight";
				IPHONEOS_DEPLOYMENT_TARGET = 14.0;
				LD_RUNPATH_SEARCH_PATHS = (
					"$(inherited)",
					"@executable_path/Frameworks",
				);
				MARKETING_VERSION = 1.0;
				PRODUCT_BUNDLE_IDENTIFIER = PerigeeInsights.psimobile;
				PRODUCT_NAME = "$(TARGET_NAME)";
				SWIFT_EMIT_LOC_STRINGS = YES;
				SWIFT_VERSION = 5.0;
				TARGETED_DEVICE_FAMILY = "1,2";
			};
			name = Release;
		};
		923A06E726FE014700F40612 /* Debug */ = {
			isa = XCBuildConfiguration;
			buildSettings = {
				ALWAYS_EMBED_SWIFT_STANDARD_LIBRARIES = YES;
				BUNDLE_LOADER = "$(TEST_HOST)";
				CODE_SIGN_STYLE = Automatic;
				CURRENT_PROJECT_VERSION = 1;
				DEVELOPMENT_TEAM = U3D9JQ7N77;
				GENERATE_INFOPLIST_FILE = YES;
				IPHONEOS_DEPLOYMENT_TARGET = 14.0;
				LD_RUNPATH_SEARCH_PATHS = (
					"$(inherited)",
					"@executable_path/Frameworks",
					"@loader_path/Frameworks",
				);
				MARKETING_VERSION = 1.0;
				PRODUCT_BUNDLE_IDENTIFIER = PerigeeInsights.psimobileTests;
				PRODUCT_NAME = "$(TARGET_NAME)";
				SWIFT_EMIT_LOC_STRINGS = NO;
				SWIFT_VERSION = 5.0;
				TARGETED_DEVICE_FAMILY = "1,2";
				TEST_HOST = "$(BUILT_PRODUCTS_DIR)/psimobile.app/psimobile";
			};
			name = Debug;
		};
		923A06E826FE014700F40612 /* Release */ = {
			isa = XCBuildConfiguration;
			buildSettings = {
				ALWAYS_EMBED_SWIFT_STANDARD_LIBRARIES = YES;
				BUNDLE_LOADER = "$(TEST_HOST)";
				CODE_SIGN_STYLE = Automatic;
				CURRENT_PROJECT_VERSION = 1;
				DEVELOPMENT_TEAM = U3D9JQ7N77;
				GENERATE_INFOPLIST_FILE = YES;
				IPHONEOS_DEPLOYMENT_TARGET = 14.0;
				LD_RUNPATH_SEARCH_PATHS = (
					"$(inherited)",
					"@executable_path/Frameworks",
					"@loader_path/Frameworks",
				);
				MARKETING_VERSION = 1.0;
				PRODUCT_BUNDLE_IDENTIFIER = PerigeeInsights.psimobileTests;
				PRODUCT_NAME = "$(TARGET_NAME)";
				SWIFT_EMIT_LOC_STRINGS = NO;
				SWIFT_VERSION = 5.0;
				TARGETED_DEVICE_FAMILY = "1,2";
				TEST_HOST = "$(BUILT_PRODUCTS_DIR)/psimobile.app/psimobile";
			};
			name = Release;
		};
		923A06EA26FE014700F40612 /* Debug */ = {
			isa = XCBuildConfiguration;
			buildSettings = {
				ALWAYS_EMBED_SWIFT_STANDARD_LIBRARIES = YES;
				CODE_SIGN_STYLE = Automatic;
				CURRENT_PROJECT_VERSION = 1;
				DEVELOPMENT_TEAM = U3D9JQ7N77;
				GENERATE_INFOPLIST_FILE = YES;
				LD_RUNPATH_SEARCH_PATHS = (
					"$(inherited)",
					"@executable_path/Frameworks",
					"@loader_path/Frameworks",
				);
				MARKETING_VERSION = 1.0;
				PRODUCT_BUNDLE_IDENTIFIER = PerigeeInsights.psimobileUITests;
				PRODUCT_NAME = "$(TARGET_NAME)";
				SWIFT_EMIT_LOC_STRINGS = NO;
				SWIFT_VERSION = 5.0;
				TARGETED_DEVICE_FAMILY = "1,2";
				TEST_TARGET_NAME = psimobile;
			};
			name = Debug;
		};
		923A06EB26FE014700F40612 /* Release */ = {
			isa = XCBuildConfiguration;
			buildSettings = {
				ALWAYS_EMBED_SWIFT_STANDARD_LIBRARIES = YES;
				CODE_SIGN_STYLE = Automatic;
				CURRENT_PROJECT_VERSION = 1;
				DEVELOPMENT_TEAM = U3D9JQ7N77;
				GENERATE_INFOPLIST_FILE = YES;
				LD_RUNPATH_SEARCH_PATHS = (
					"$(inherited)",
					"@executable_path/Frameworks",
					"@loader_path/Frameworks",
				);
				MARKETING_VERSION = 1.0;
				PRODUCT_BUNDLE_IDENTIFIER = PerigeeInsights.psimobileUITests;
				PRODUCT_NAME = "$(TARGET_NAME)";
				SWIFT_EMIT_LOC_STRINGS = NO;
				SWIFT_VERSION = 5.0;
				TARGETED_DEVICE_FAMILY = "1,2";
				TEST_TARGET_NAME = psimobile;
			};
			name = Release;
		};
/* End XCBuildConfiguration section */

/* Begin XCConfigurationList section */
		923A06B526FE014600F40612 /* Build configuration list for PBXProject "psimobile" */ = {
			isa = XCConfigurationList;
			buildConfigurations = (
				923A06E126FE014700F40612 /* Debug */,
				923A06E226FE014700F40612 /* Release */,
			);
			defaultConfigurationIsVisible = 0;
			defaultConfigurationName = Release;
		};
		923A06E326FE014700F40612 /* Build configuration list for PBXNativeTarget "psimobile" */ = {
			isa = XCConfigurationList;
			buildConfigurations = (
				923A06E426FE014700F40612 /* Debug */,
				923A06E526FE014700F40612 /* Release */,
			);
			defaultConfigurationIsVisible = 0;
			defaultConfigurationName = Release;
		};
		923A06E626FE014700F40612 /* Build configuration list for PBXNativeTarget "psimobileTests" */ = {
			isa = XCConfigurationList;
			buildConfigurations = (
				923A06E726FE014700F40612 /* Debug */,
				923A06E826FE014700F40612 /* Release */,
			);
			defaultConfigurationIsVisible = 0;
			defaultConfigurationName = Release;
		};
		923A06E926FE014700F40612 /* Build configuration list for PBXNativeTarget "psimobileUITests" */ = {
			isa = XCConfigurationList;
			buildConfigurations = (
				923A06EA26FE014700F40612 /* Debug */,
				923A06EB26FE014700F40612 /* Release */,
			);
			defaultConfigurationIsVisible = 0;
			defaultConfigurationName = Release;
		};
/* End XCConfigurationList section */

/* Begin XCRemoteSwiftPackageReference section */
		923A071626FE0A0E00F40612 /* XCRemoteSwiftPackageReference "firebase-ios-sdk.git" */ = {
			isa = XCRemoteSwiftPackageReference;
			repositoryURL = "https://github.com/firebase/firebase-ios-sdk.git";
			requirement = {
				kind = upToNextMajorVersion;
				minimumVersion = 7.0.0;
			};
		};
/* End XCRemoteSwiftPackageReference section */

/* Begin XCSwiftPackageProductDependency section */
		923A071F26FE0A0E00F40612 /* FirebaseAuth */ = {
			isa = XCSwiftPackageProductDependency;
			package = 923A071626FE0A0E00F40612 /* XCRemoteSwiftPackageReference "firebase-ios-sdk.git" */;
			productName = FirebaseAuth;
		};
		923A072326FE0A0E00F40612 /* FirebaseDatabase */ = {
			isa = XCSwiftPackageProductDependency;
			package = 923A071626FE0A0E00F40612 /* XCRemoteSwiftPackageReference "firebase-ios-sdk.git" */;
			productName = FirebaseDatabase;
		};
		923A072526FE0A0E00F40612 /* FirebaseFirestore */ = {
			isa = XCSwiftPackageProductDependency;
			package = 923A071626FE0A0E00F40612 /* XCRemoteSwiftPackageReference "firebase-ios-sdk.git" */;
			productName = FirebaseFirestore;
		};
		923A072926FE0A0E00F40612 /* FirebaseFunctions */ = {
			isa = XCSwiftPackageProductDependency;
			package = 923A071626FE0A0E00F40612 /* XCRemoteSwiftPackageReference "firebase-ios-sdk.git" */;
			productName = FirebaseFunctions;
		};
		923A072F26FE0A0E00F40612 /* FirebaseStorage */ = {
			isa = XCSwiftPackageProductDependency;
			package = 923A071626FE0A0E00F40612 /* XCRemoteSwiftPackageReference "firebase-ios-sdk.git" */;
			productName = FirebaseStorage;
		};
/* End XCSwiftPackageProductDependency section */

/* Begin XCVersionGroup section */
		923A06C826FE014700F40612 /* psimobile.xcdatamodeld */ = {
			isa = XCVersionGroup;
			children = (
				923A06C926FE014700F40612 /* psimobile.xcdatamodel */,
			);
			currentVersion = 923A06C926FE014700F40612 /* psimobile.xcdatamodel */;
			path = psimobile.xcdatamodeld;
			sourceTree = "<group>";
			versionGroupType = wrapper.xcdatamodel;
		};
/* End XCVersionGroup section */
	};
	rootObject = 923A06B226FE014600F40612 /* Project object */;
}
